
Microsoft Visual Studio Solution File, Format Version 12.00
# Visual Studio 14
VisualStudioVersion = 14.0.25420.1
MinimumVisualStudioVersion = 10.0.40219.1
Project("{54435603-DBB4-11D2-8724-00A0C9A8B90C}") = "TelefonRehberiSetup", "TelefonRehberiSetup\TelefonRehberiSetup.vdproj", "{FE58CD53-DE49-443F-9BAA-78BBE9BA4FB5}"
EndProject
Global
	GlobalSection(SolutionConfigurationPlatforms) = preSolution
		Debug|Default = Debug|Default
		Release|Default = Release|Default
	EndGlobalSection
	GlobalSection(ProjectConfigurationPlatforms) = postSolution
		{FE58CD53-DE49-443F-9BAA-78BBE9BA4FB5}.Debug|Default.ActiveCfg = Debug
		{FE58CD53-DE49-443F-9BAA-78BBE9BA4FB5}.Debug|Default.Build.0 = Debug
		{FE58CD53-DE49-443F-9BAA-78BBE9BA4FB5}.Release|Default.ActiveCfg = Release
		{FE58CD53-DE49-443F-9BAA-78BBE9BA4FB5}.Release|Default.Build.0 = Release
	EndGlobalSection
	GlobalSection(SolutionProperties) = preSolution
		HideSolutionNode = FALSE
	EndGlobalSection
EndGlobal
